{
  "version": 4,
  "terraform_version": "1.9.7",
  "serial": 1252,
  "lineage": "32015262-dd7a-0c35-82ad-0110fefaea78",
  "outputs": {},
  "resources": [
    {
      "module": "module.compute",
      "mode": "managed",
      "type": "yandex_compute_instance",
      "name": "vm",
      "provider": "module.compute.provider[\"registry.terraform.io/yandex-cloud/yandex\"]",
      "instances": [
        {
          "status": "tainted",
          "schema_version": 1,
          "attributes": {
            "allow_recreate": null,
            "allow_stopping_for_update": null,
            "boot_disk": [
              {
                "auto_delete": true,
                "device_name": "fhmbabvkca8437frvc78",
                "disk_id": "fhmbabvkca8437frvc78",
                "initialize_params": [
                  {
                    "block_size": 4096,
                    "description": "",
                    "image_id": "fd84gfv9gc2h87jilum1",
                    "kms_key_id": "",
                    "name": "",
                    "size": 20,
                    "snapshot_id": "",
                    "type": "network-hdd"
                  }
                ],
                "mode": "READ_WRITE"
              }
            ],
            "created_at": "2025-03-13T17:14:18Z",
            "description": "",
            "filesystem": [],
            "folder_id": "b1gcs058gd4fa8eeviec",
            "fqdn": "fhm9t5vjif28sb95pcsp.auto.internal",
            "gpu_cluster_id": "",
            "hardware_generation": [
              {
                "generation2_features": [],
                "legacy_features": [
                  {
                    "pci_topology": "PCI_TOPOLOGY_V1"
                  }
                ]
              }
            ],
            "hostname": "",
            "id": "fhm9t5vjif28sb95pcsp",
            "labels": null,
            "local_disk": [],
            "maintenance_grace_period": "",
            "maintenance_policy": null,
            "metadata": {
              "serial-port-enable": "1",
              "ssh-keys": "ubuntu:ssh-ed25519 AAAAC3NzaC1lZDI1NTE5AAAAILYsl2QVxqGUyey9IG6rGQVB8auv/l22GhwFOT7eb9wx ubuntu@compute-vm-2-8-20-hdd-1730986884390\n"
            },
            "metadata_options": [
              {
                "aws_v1_http_endpoint": 1,
                "aws_v1_http_token": 2,
                "gce_http_endpoint": 1,
                "gce_http_token": 1
              }
            ],
            "name": "docker-vm",
            "network_acceleration_type": "standard",
            "network_interface": [
              {
                "dns_record": [],
                "index": 0,
                "ip_address": "10.0.0.17",
                "ipv4": true,
                "ipv6": false,
                "ipv6_address": "",
                "ipv6_dns_record": [],
                "mac_address": "d0:0d:9e:97:f3:93",
                "nat": true,
                "nat_dns_record": [],
                "nat_ip_address": "158.160.113.156",
                "nat_ip_version": "IPV4",
                "security_group_ids": [],
                "subnet_id": "e9b2jnt9jr2guj2oh61v"
              }
            ],
            "placement_policy": [
              {
                "host_affinity_rules": [],
                "placement_group_id": "",
                "placement_group_partition": 0
              }
            ],
            "platform_id": "standard-v3",
            "resources": [
              {
                "core_fraction": 20,
                "cores": 2,
                "gpus": 0,
                "memory": 8
              }
            ],
            "scheduling_policy": [
              {
                "preemptible": true
              }
            ],
            "secondary_disk": [],
            "service_account_id": "aje0vmvbkj634b89td20",
            "status": "running",
            "timeouts": null,
            "zone": "ru-central1-a"
          },
          "sensitive_attributes": [],
          "private": "eyJlMmJmYjczMC1lY2FhLTExZTYtOGY4OC0zNDM2M2JjN2M0YzAiOnsiY3JlYXRlIjozMDAwMDAwMDAwMDAsImRlbGV0ZSI6MzAwMDAwMDAwMDAwLCJ1cGRhdGUiOjMwMDAwMDAwMDAwMH0sInNjaGVtYV92ZXJzaW9uIjoiMSJ9",
          "dependencies": [
            "module.iam.yandex_iam_service_account.sa",
            "module.iam.yandex_iam_service_account_static_access_key.sa-static-key",
            "module.network.yandex_vpc_gateway.nat_gateway",
            "module.network.yandex_vpc_network.network",
            "module.network.yandex_vpc_route_table.route_table",
            "module.network.yandex_vpc_subnet.subnet"
          ]
        }
      ]
    },
    {
      "module": "module.iam",
      "mode": "managed",
      "type": "local_file",
      "name": "sa-auth-key-file",
      "provider": "provider[\"registry.terraform.io/hashicorp/local\"]",
      "instances": [
        {
          "schema_version": 0,
          "attributes": {
            "content": "{\"created_at\":\"2025-03-13T17:13:54Z\",\"id\":\"ajenfk2heptd3difk0cc\",\"private_key\":\"-----BEGIN PRIVATE KEY-----\\nMIIEvQIBADANBgkqhkiG9w0BAQEFAASCBKcwggSjAgEAAoIBAQC9lsO+YeMpWLbi\\n6XpnMW33nZ1RK4a603v8N4+HBhb7STJZ6AFnNFPewSyCSdkk6DhNqNXgv0IwW/Uh\\nPS9O32Zoif64MK7JxLB3oz1SmlAuiINHRnWxbs7AyTmQtm4qQ+oEaEsl6od0vg6p\\nkZlGUrtULpNTcNlUgXDuI3G35/fFFuFVhh+VjCJk779bWZA0fWlY3JJK3y2lMiLJ\\ndUJIWM7RPK2GYXGEu1raMHoimzE7xh9wnvR5jgSCOTFs+X4MpEjD5ir3+PRFRy26\\nazsitOH3W5aeqdOaLN4yGBAp1KKi2hlh6WkJFWWa3OKQMWfSHdYZBUtmJHBo3FDp\\nGgEXgGODAgMBAAECggEAAxUT6qD5yf7MvmSwXkQh9xAjciHkh14P2npmxXm2XvCC\\nNo78ktp5cJowaI/dzWlPHQgdLhG9+D5OfnNZtQ0Rw6pWr1TvSo19lvxa72Bd5FvI\\n0pxVJoTYLK841d75bIt9HwQ5EI0/FYlPgLdCyC9pJ0W4lHc1uVd/aAfAfg5x60zc\\nM5KfdH4ZGhhpr2RA6FNjVs+WkXnr/l5C52p2jbQwJl7K/ATGlQW/pjpXRPhtw8ei\\nSGMaQ7nI5mf+M5ABfBu7E6sYnJx0hw0xD1BKeFhHJM9/Eu21IOth3K9rCZ92+otR\\nU9TAEtnrRY0N2hC9w+TprJpD0h/7ohNhcv885mwg8QKBgQD79wCaMtkR10MISTVr\\nquebu5IVymttizUKMszXW56W4gO89KBnqBOKCFpuViqfL2KEl+NV7Jem9L5bgRyn\\nOLJTC2MhFY2M9xLiooGuBzkBnaq2XktO1q+jCgPIuIDE5XJ3GpMg4lWh06u4ZIER\\nGq+pLSAn+JOHyaRUQXHkbxJ20QKBgQDAoAkO6INZi/1BglvP02UcQK/oAP6/6WTx\\nvlVLSkBwvho4ksXRzx8QnXYPzuo1BD6W4JGoM9AiKW+jNmoaMbdKjsjjRcCLGl/+\\nkYVp4FHVRuqv20VlvT1fqQhz4aZfPUYHJz5HSTqCbw612tFqYrHpw6ppnHbl9wgM\\na+gL69DyEwKBgEZ7wSphgQGRownFWPFGfMW+wc3gsw6Qu4Sf01eHJKT2kq8gC2MT\\nzGt3jLyC1Cd1nOyUhJ67sWyd2EZGptpMbO34KIHPwqolT54gcYBaOuMt1NxxIkXq\\nnnVQTuCuZC8wNEYHJBM13ViImufZDZXYTj1YBz/HNJXunU6IhDCvtY2RAoGASE3K\\nGKZ+Z2Z8sdJU1DXthiVh4hw9g5wAIB3ptlEwzyEMhp/RUWgFqR7x6g0pLK1jMQ8q\\nnZCVV71mAkWynhJ7Uqk2Dtln5M8JqWzGP2/MR9pOzaPo8L+QAhBY8+aHpMhDOPwq\\nDGgYZk15oBl68gwJ7E1d8jahCsEnbEI04ASscbECgYEAjo9DFEGzglxHVLtno06I\\nnHkiHmqJxAneCfNWkJOnDlbxuyHYh7sEI+e+B4SehKi9WaO1vvQttPOPChf/Crz/\\ngYlWG/dtdpxLFVKRPJ+maKLplJmfFDjeaaitSfSVsHKgK/aw3AmaERpQfBIRn/Y7\\nK61BBRZOwOaPIBz7o6UiF+o=\\n-----END PRIVATE KEY-----\\n\",\"public_key\":\"-----BEGIN PUBLIC KEY-----\\nMIIBIjANBgkqhkiG9w0BAQEFAAOCAQ8AMIIBCgKCAQEAvZbDvmHjKVi24ul6ZzFt\\n952dUSuGutN7/DePhwYW+0kyWegBZzRT3sEsgknZJOg4TajV4L9CMFv1IT0vTt9m\\naIn+uDCuycSwd6M9UppQLoiDR0Z1sW7OwMk5kLZuKkPqBGhLJeqHdL4OqZGZRlK7\\nVC6TU3DZVIFw7iNxt+f3xRbhVYYflYwiZO+/W1mQNH1pWNySSt8tpTIiyXVCSFjO\\n0TythmFxhLta2jB6IpsxO8YfcJ70eY4EgjkxbPl+DKRIw+Yq9/j0RUctums7IrTh\\n91uWnqnTmizeMhgQKdSiotoZYelpCRVlmtzikDFn0h3WGQVLZiRwaNxQ6RoBF4Bj\\ngwIDAQAB\\n-----END PUBLIC KEY-----\\n\",\"service_account_id\":\"aje0vmvbkj634b89td20\"}",
            "content_base64": null,
            "content_base64sha256": "z56BHHYpzknAo/BMZTSUrgvJYtA/BGXzzHg8wapaGLQ=",
            "content_base64sha512": "XQ08hp9panZF2fO6zXOEN2XQ7itEk5bPPWK8Eyg0TkKk3iV2p7r0f9DXAxFU1mkXFaWjnWKBIPb1nKDsSmqTZg==",
            "content_md5": "21c2d42f2a255898a809592e391c219e",
            "content_sha1": "15e567fd9a0b597d42f3da18e30a6f1aead77e26",
            "content_sha256": "cf9e811c7629ce49c0a3f04c653494ae0bc962d03f0465f3cc783cc1aa5a18b4",
            "content_sha512": "5d0d3c869f696a7645d9f3bacd73843765d0ee2b449396cf3d62bc1328344e42a4de2576a7baf47fd0d7031154d6691715a5a39d628120f6f59ca0ec4a6a9366",
            "directory_permission": "0777",
            "file_permission": "0600",
            "filename": "modules/iam/authorized_key.json",
            "id": "15e567fd9a0b597d42f3da18e30a6f1aead77e26",
            "sensitive_content": null,
            "source": null
          },
          "sensitive_attributes": [
            [
              {
                "type": "get_attr",
                "value": "sensitive_content"
              }
            ],
            [
              {
                "type": "get_attr",
                "value": "content"
              }
            ]
          ],
          "dependencies": [
            "module.iam.yandex_iam_service_account.sa",
            "module.iam.yandex_iam_service_account_key.sa-auth-key"
          ]
        }
      ]
    },
    {
      "module": "module.iam",
      "mode": "managed",
      "type": "local_file",
      "name": "sa-static-key-file",
      "provider": "provider[\"registry.terraform.io/hashicorp/local\"]",
      "instances": [
        {
          "schema_version": 0,
          "attributes": {
            "content": "{\"created_at\":\"2025-03-13T17:13:54Z\",\"id\":\"ajejr2jaeqv8oukaqjf5\",\"s3_key_id\":\"YCAJE2IWaDiQXx2vdZQ4SFKvo\",\"s3_secret_key\":\"YCPO5VRCYceNtkvmxen6XczoTxm_dpJWCNN5Jkl9\",\"service_account_id\":\"aje0vmvbkj634b89td20\"}",
            "content_base64": null,
            "content_base64sha256": "u7s1bNEwE5VYjxuYGefsS2rBYD3Ag/0cKghfdkV7u1c=",
            "content_base64sha512": "gdL/EPFuJ1rmeK9dI4fabHBKqOOY8Z460ad3frMxbIWkduPLYQtQfQlvM2/WI1jVvPOts8CwNYe5+1ElZkM8SQ==",
            "content_md5": "47bdab88961adb41c1c3456d4fbbba50",
            "content_sha1": "83353cb210e07c15c7dd1ee4db760c3dbea249e0",
            "content_sha256": "bbbb356cd1301395588f1b9819e7ec4b6ac1603dc083fd1c2a085f76457bbb57",
            "content_sha512": "81d2ff10f16e275ae678af5d2387da6c704aa8e398f19e3ad1a7777eb3316c85a476e3cb610b507d096f336fd62358d5bcf3adb3c0b03587b9fb512566433c49",
            "directory_permission": "0777",
            "file_permission": "0600",
            "filename": "modules/iam/static_key.json",
            "id": "83353cb210e07c15c7dd1ee4db760c3dbea249e0",
            "sensitive_content": null,
            "source": null
          },
          "sensitive_attributes": [
            [
              {
                "type": "get_attr",
                "value": "sensitive_content"
              }
            ],
            [
              {
                "type": "get_attr",
                "value": "content"
              }
            ]
          ],
          "dependencies": [
            "module.iam.yandex_iam_service_account.sa",
            "module.iam.yandex_iam_service_account_static_access_key.sa-static-key"
          ]
        }
      ]
    },
    {
      "module": "module.iam",
      "mode": "managed",
      "type": "yandex_iam_service_account",
      "name": "sa",
      "provider": "module.iam.provider[\"registry.terraform.io/yandex-cloud/yandex\"]",
      "instances": [
        {
          "schema_version": 0,
          "attributes": {
            "created_at": "2025-03-13T17:13:52Z",
            "description": "Service account for VM management",
            "folder_id": "b1gcs058gd4fa8eeviec",
            "id": "aje0vmvbkj634b89td20",
            "name": "docker-vm-sa",
            "timeouts": null
          },
          "sensitive_attributes": [],
          "private": "eyJlMmJmYjczMC1lY2FhLTExZTYtOGY4OC0zNDM2M2JjN2M0YzAiOnsiY3JlYXRlIjo2MDAwMDAwMDAwMCwiZGVsZXRlIjo2MDAwMDAwMDAwMCwidXBkYXRlIjo2MDAwMDAwMDAwMH19"
        }
      ]
    },
    {
      "module": "module.iam",
      "mode": "managed",
      "type": "yandex_iam_service_account_key",
      "name": "sa-auth-key",
      "provider": "module.iam.provider[\"registry.terraform.io/yandex-cloud/yandex\"]",
      "instances": [
        {
          "schema_version": 0,
          "attributes": {
            "created_at": "2025-03-13T17:13:54Z",
            "description": "",
            "encrypted_private_key": null,
            "format": "PEM_FILE",
            "id": "ajenfk2heptd3difk0cc",
            "key_algorithm": "RSA_2048",
            "key_fingerprint": null,
            "output_to_lockbox": [],
            "output_to_lockbox_version_id": null,
            "pgp_key": null,
            "private_key": "PLEASE DO NOT REMOVE THIS LINE! Yandex.Cloud SA Key ID \u003cajenfk2heptd3difk0cc\u003e\n-----BEGIN PRIVATE KEY-----\nMIIEvQIBADANBgkqhkiG9w0BAQEFAASCBKcwggSjAgEAAoIBAQC9lsO+YeMpWLbi\n6XpnMW33nZ1RK4a603v8N4+HBhb7STJZ6AFnNFPewSyCSdkk6DhNqNXgv0IwW/Uh\nPS9O32Zoif64MK7JxLB3oz1SmlAuiINHRnWxbs7AyTmQtm4qQ+oEaEsl6od0vg6p\nkZlGUrtULpNTcNlUgXDuI3G35/fFFuFVhh+VjCJk779bWZA0fWlY3JJK3y2lMiLJ\ndUJIWM7RPK2GYXGEu1raMHoimzE7xh9wnvR5jgSCOTFs+X4MpEjD5ir3+PRFRy26\nazsitOH3W5aeqdOaLN4yGBAp1KKi2hlh6WkJFWWa3OKQMWfSHdYZBUtmJHBo3FDp\nGgEXgGODAgMBAAECggEAAxUT6qD5yf7MvmSwXkQh9xAjciHkh14P2npmxXm2XvCC\nNo78ktp5cJowaI/dzWlPHQgdLhG9+D5OfnNZtQ0Rw6pWr1TvSo19lvxa72Bd5FvI\n0pxVJoTYLK841d75bIt9HwQ5EI0/FYlPgLdCyC9pJ0W4lHc1uVd/aAfAfg5x60zc\nM5KfdH4ZGhhpr2RA6FNjVs+WkXnr/l5C52p2jbQwJl7K/ATGlQW/pjpXRPhtw8ei\nSGMaQ7nI5mf+M5ABfBu7E6sYnJx0hw0xD1BKeFhHJM9/Eu21IOth3K9rCZ92+otR\nU9TAEtnrRY0N2hC9w+TprJpD0h/7ohNhcv885mwg8QKBgQD79wCaMtkR10MISTVr\nquebu5IVymttizUKMszXW56W4gO89KBnqBOKCFpuViqfL2KEl+NV7Jem9L5bgRyn\nOLJTC2MhFY2M9xLiooGuBzkBnaq2XktO1q+jCgPIuIDE5XJ3GpMg4lWh06u4ZIER\nGq+pLSAn+JOHyaRUQXHkbxJ20QKBgQDAoAkO6INZi/1BglvP02UcQK/oAP6/6WTx\nvlVLSkBwvho4ksXRzx8QnXYPzuo1BD6W4JGoM9AiKW+jNmoaMbdKjsjjRcCLGl/+\nkYVp4FHVRuqv20VlvT1fqQhz4aZfPUYHJz5HSTqCbw612tFqYrHpw6ppnHbl9wgM\na+gL69DyEwKBgEZ7wSphgQGRownFWPFGfMW+wc3gsw6Qu4Sf01eHJKT2kq8gC2MT\nzGt3jLyC1Cd1nOyUhJ67sWyd2EZGptpMbO34KIHPwqolT54gcYBaOuMt1NxxIkXq\nnnVQTuCuZC8wNEYHJBM13ViImufZDZXYTj1YBz/HNJXunU6IhDCvtY2RAoGASE3K\nGKZ+Z2Z8sdJU1DXthiVh4hw9g5wAIB3ptlEwzyEMhp/RUWgFqR7x6g0pLK1jMQ8q\nnZCVV71mAkWynhJ7Uqk2Dtln5M8JqWzGP2/MR9pOzaPo8L+QAhBY8+aHpMhDOPwq\nDGgYZk15oBl68gwJ7E1d8jahCsEnbEI04ASscbECgYEAjo9DFEGzglxHVLtno06I\nnHkiHmqJxAneCfNWkJOnDlbxuyHYh7sEI+e+B4SehKi9WaO1vvQttPOPChf/Crz/\ngYlWG/dtdpxLFVKRPJ+maKLplJmfFDjeaaitSfSVsHKgK/aw3AmaERpQfBIRn/Y7\nK61BBRZOwOaPIBz7o6UiF+o=\n-----END PRIVATE KEY-----\n",
            "public_key": "-----BEGIN PUBLIC KEY-----\nMIIBIjANBgkqhkiG9w0BAQEFAAOCAQ8AMIIBCgKCAQEAvZbDvmHjKVi24ul6ZzFt\n952dUSuGutN7/DePhwYW+0kyWegBZzRT3sEsgknZJOg4TajV4L9CMFv1IT0vTt9m\naIn+uDCuycSwd6M9UppQLoiDR0Z1sW7OwMk5kLZuKkPqBGhLJeqHdL4OqZGZRlK7\nVC6TU3DZVIFw7iNxt+f3xRbhVYYflYwiZO+/W1mQNH1pWNySSt8tpTIiyXVCSFjO\n0TythmFxhLta2jB6IpsxO8YfcJ70eY4EgjkxbPl+DKRIw+Yq9/j0RUctums7IrTh\n91uWnqnTmizeMhgQKdSiotoZYelpCRVlmtzikDFn0h3WGQVLZiRwaNxQ6RoBF4Bj\ngwIDAQAB\n-----END PUBLIC KEY-----\n",
            "service_account_id": "aje0vmvbkj634b89td20"
          },
          "sensitive_attributes": [
            [
              {
                "type": "get_attr",
                "value": "private_key"
              }
            ]
          ],
          "private": "bnVsbA==",
          "dependencies": [
            "module.iam.yandex_iam_service_account.sa"
          ]
        }
      ]
    },
    {
      "module": "module.iam",
      "mode": "managed",
      "type": "yandex_iam_service_account_static_access_key",
      "name": "sa-static-key",
      "provider": "module.iam.provider[\"registry.terraform.io/yandex-cloud/yandex\"]",
      "instances": [
        {
          "schema_version": 0,
          "attributes": {
            "access_key": "YCAJE2IWaDiQXx2vdZQ4SFKvo",
            "created_at": "2025-03-13T17:13:54Z",
            "description": "Static access key for service account",
            "encrypted_secret_key": null,
            "id": "ajejr2jaeqv8oukaqjf5",
            "key_fingerprint": null,
            "output_to_lockbox": [],
            "output_to_lockbox_version_id": null,
            "pgp_key": null,
            "secret_key": "YCPO5VRCYceNtkvmxen6XczoTxm_dpJWCNN5Jkl9",
            "service_account_id": "aje0vmvbkj634b89td20"
          },
          "sensitive_attributes": [
            [
              {
                "type": "get_attr",
                "value": "secret_key"
              }
            ]
          ],
          "private": "bnVsbA==",
          "dependencies": [
            "module.iam.yandex_iam_service_account.sa"
          ]
        }
      ]
    },
    {
      "module": "module.iam",
      "mode": "managed",
      "type": "yandex_resourcemanager_folder_iam_member",
      "name": "sa_roles",
      "provider": "module.iam.provider[\"registry.terraform.io/yandex-cloud/yandex\"]",
      "instances": [
        {
          "index_key": "cloud-registry.artifacts.puller",
          "schema_version": 0,
          "attributes": {
            "folder_id": "b1gcs058gd4fa8eeviec",
            "id": "b1gcs058gd4fa8eeviec/cloud-registry.artifacts.puller/serviceAccount:aje0vmvbkj634b89td20",
            "member": "serviceAccount:aje0vmvbkj634b89td20",
            "role": "cloud-registry.artifacts.puller",
            "sleep_after": null,
            "timeouts": null
          },
          "sensitive_attributes": [],
          "private": "eyJlMmJmYjczMC1lY2FhLTExZTYtOGY4OC0zNDM2M2JjN2M0YzAiOnsiY3JlYXRlIjo2MDAwMDAwMDAwMCwiZGVmYXVsdCI6NjAwMDAwMDAwMDAsImRlbGV0ZSI6NjAwMDAwMDAwMDAsInJlYWQiOjYwMDAwMDAwMDAwLCJ1cGRhdGUiOjYwMDAwMDAwMDAwfX0=",
          "dependencies": [
            "module.iam.yandex_iam_service_account.sa"
          ]
        },
        {
          "index_key": "compute.admin",
          "schema_version": 0,
          "attributes": {
            "folder_id": "b1gcs058gd4fa8eeviec",
            "id": "b1gcs058gd4fa8eeviec/compute.admin/serviceAccount:aje0vmvbkj634b89td20",
            "member": "serviceAccount:aje0vmvbkj634b89td20",
            "role": "compute.admin",
            "sleep_after": null,
            "timeouts": null
          },
          "sensitive_attributes": [],
          "private": "eyJlMmJmYjczMC1lY2FhLTExZTYtOGY4OC0zNDM2M2JjN2M0YzAiOnsiY3JlYXRlIjo2MDAwMDAwMDAwMCwiZGVmYXVsdCI6NjAwMDAwMDAwMDAsImRlbGV0ZSI6NjAwMDAwMDAwMDAsInJlYWQiOjYwMDAwMDAwMDAwLCJ1cGRhdGUiOjYwMDAwMDAwMDAwfX0=",
          "dependencies": [
            "module.iam.yandex_iam_service_account.sa"
          ]
        },
        {
          "index_key": "container-registry.images.puller",
          "schema_version": 0,
          "attributes": {
            "folder_id": "b1gcs058gd4fa8eeviec",
            "id": "b1gcs058gd4fa8eeviec/container-registry.images.puller/serviceAccount:aje0vmvbkj634b89td20",
            "member": "serviceAccount:aje0vmvbkj634b89td20",
            "role": "container-registry.images.puller",
            "sleep_after": null,
            "timeouts": null
          },
          "sensitive_attributes": [],
          "private": "eyJlMmJmYjczMC1lY2FhLTExZTYtOGY4OC0zNDM2M2JjN2M0YzAiOnsiY3JlYXRlIjo2MDAwMDAwMDAwMCwiZGVmYXVsdCI6NjAwMDAwMDAwMDAsImRlbGV0ZSI6NjAwMDAwMDAwMDAsInJlYWQiOjYwMDAwMDAwMDAwLCJ1cGRhdGUiOjYwMDAwMDAwMDAwfX0=",
          "dependencies": [
            "module.iam.yandex_iam_service_account.sa"
          ]
        },
        {
          "index_key": "dataproc.agent",
          "schema_version": 0,
          "attributes": {
            "folder_id": "b1gcs058gd4fa8eeviec",
            "id": "b1gcs058gd4fa8eeviec/dataproc.agent/serviceAccount:aje0vmvbkj634b89td20",
            "member": "serviceAccount:aje0vmvbkj634b89td20",
            "role": "dataproc.agent",
            "sleep_after": null,
            "timeouts": null
          },
          "sensitive_attributes": [],
          "private": "eyJlMmJmYjczMC1lY2FhLTExZTYtOGY4OC0zNDM2M2JjN2M0YzAiOnsiY3JlYXRlIjo2MDAwMDAwMDAwMCwiZGVmYXVsdCI6NjAwMDAwMDAwMDAsImRlbGV0ZSI6NjAwMDAwMDAwMDAsInJlYWQiOjYwMDAwMDAwMDAwLCJ1cGRhdGUiOjYwMDAwMDAwMDAwfX0=",
          "dependencies": [
            "module.iam.yandex_iam_service_account.sa"
          ]
        },
        {
          "index_key": "dataproc.editor",
          "schema_version": 0,
          "attributes": {
            "folder_id": "b1gcs058gd4fa8eeviec",
            "id": "b1gcs058gd4fa8eeviec/dataproc.editor/serviceAccount:aje0vmvbkj634b89td20",
            "member": "serviceAccount:aje0vmvbkj634b89td20",
            "role": "dataproc.editor",
            "sleep_after": null,
            "timeouts": null
          },
          "sensitive_attributes": [],
          "private": "eyJlMmJmYjczMC1lY2FhLTExZTYtOGY4OC0zNDM2M2JjN2M0YzAiOnsiY3JlYXRlIjo2MDAwMDAwMDAwMCwiZGVmYXVsdCI6NjAwMDAwMDAwMDAsImRlbGV0ZSI6NjAwMDAwMDAwMDAsInJlYWQiOjYwMDAwMDAwMDAwLCJ1cGRhdGUiOjYwMDAwMDAwMDAwfX0=",
          "dependencies": [
            "module.iam.yandex_iam_service_account.sa"
          ]
        },
        {
          "index_key": "iam.serviceAccounts.user",
          "schema_version": 0,
          "attributes": {
            "folder_id": "b1gcs058gd4fa8eeviec",
            "id": "b1gcs058gd4fa8eeviec/iam.serviceAccounts.user/serviceAccount:aje0vmvbkj634b89td20",
            "member": "serviceAccount:aje0vmvbkj634b89td20",
            "role": "iam.serviceAccounts.user",
            "sleep_after": null,
            "timeouts": null
          },
          "sensitive_attributes": [],
          "private": "eyJlMmJmYjczMC1lY2FhLTExZTYtOGY4OC0zNDM2M2JjN2M0YzAiOnsiY3JlYXRlIjo2MDAwMDAwMDAwMCwiZGVmYXVsdCI6NjAwMDAwMDAwMDAsImRlbGV0ZSI6NjAwMDAwMDAwMDAsInJlYWQiOjYwMDAwMDAwMDAwLCJ1cGRhdGUiOjYwMDAwMDAwMDAwfX0=",
          "dependencies": [
            "module.iam.yandex_iam_service_account.sa"
          ]
        },
        {
          "index_key": "k8s.admin",
          "schema_version": 0,
          "attributes": {
            "folder_id": "b1gcs058gd4fa8eeviec",
            "id": "b1gcs058gd4fa8eeviec/k8s.admin/serviceAccount:aje0vmvbkj634b89td20",
            "member": "serviceAccount:aje0vmvbkj634b89td20",
            "role": "k8s.admin",
            "sleep_after": null,
            "timeouts": null
          },
          "sensitive_attributes": [],
          "private": "eyJlMmJmYjczMC1lY2FhLTExZTYtOGY4OC0zNDM2M2JjN2M0YzAiOnsiY3JlYXRlIjo2MDAwMDAwMDAwMCwiZGVmYXVsdCI6NjAwMDAwMDAwMDAsImRlbGV0ZSI6NjAwMDAwMDAwMDAsInJlYWQiOjYwMDAwMDAwMDAwLCJ1cGRhdGUiOjYwMDAwMDAwMDAwfX0=",
          "dependencies": [
            "module.iam.yandex_iam_service_account.sa"
          ]
        },
        {
          "index_key": "k8s.cluster-api.cluster-admin",
          "schema_version": 0,
          "attributes": {
            "folder_id": "b1gcs058gd4fa8eeviec",
            "id": "b1gcs058gd4fa8eeviec/k8s.cluster-api.cluster-admin/serviceAccount:aje0vmvbkj634b89td20",
            "member": "serviceAccount:aje0vmvbkj634b89td20",
            "role": "k8s.cluster-api.cluster-admin",
            "sleep_after": null,
            "timeouts": null
          },
          "sensitive_attributes": [],
          "private": "eyJlMmJmYjczMC1lY2FhLTExZTYtOGY4OC0zNDM2M2JjN2M0YzAiOnsiY3JlYXRlIjo2MDAwMDAwMDAwMCwiZGVmYXVsdCI6NjAwMDAwMDAwMDAsImRlbGV0ZSI6NjAwMDAwMDAwMDAsInJlYWQiOjYwMDAwMDAwMDAwLCJ1cGRhdGUiOjYwMDAwMDAwMDAwfX0=",
          "dependencies": [
            "module.iam.yandex_iam_service_account.sa"
          ]
        },
        {
          "index_key": "k8s.clusters.agent",
          "schema_version": 0,
          "attributes": {
            "folder_id": "b1gcs058gd4fa8eeviec",
            "id": "b1gcs058gd4fa8eeviec/k8s.clusters.agent/serviceAccount:aje0vmvbkj634b89td20",
            "member": "serviceAccount:aje0vmvbkj634b89td20",
            "role": "k8s.clusters.agent",
            "sleep_after": null,
            "timeouts": null
          },
          "sensitive_attributes": [],
          "private": "eyJlMmJmYjczMC1lY2FhLTExZTYtOGY4OC0zNDM2M2JjN2M0YzAiOnsiY3JlYXRlIjo2MDAwMDAwMDAwMCwiZGVmYXVsdCI6NjAwMDAwMDAwMDAsImRlbGV0ZSI6NjAwMDAwMDAwMDAsInJlYWQiOjYwMDAwMDAwMDAwLCJ1cGRhdGUiOjYwMDAwMDAwMDAwfX0=",
          "dependencies": [
            "module.iam.yandex_iam_service_account.sa"
          ]
        },
        {
          "index_key": "kms.keys.encrypterDecrypter",
          "schema_version": 0,
          "attributes": {
            "folder_id": "b1gcs058gd4fa8eeviec",
            "id": "b1gcs058gd4fa8eeviec/kms.keys.encrypterDecrypter/serviceAccount:aje0vmvbkj634b89td20",
            "member": "serviceAccount:aje0vmvbkj634b89td20",
            "role": "kms.keys.encrypterDecrypter",
            "sleep_after": null,
            "timeouts": null
          },
          "sensitive_attributes": [],
          "private": "eyJlMmJmYjczMC1lY2FhLTExZTYtOGY4OC0zNDM2M2JjN2M0YzAiOnsiY3JlYXRlIjo2MDAwMDAwMDAwMCwiZGVmYXVsdCI6NjAwMDAwMDAwMDAsImRlbGV0ZSI6NjAwMDAwMDAwMDAsInJlYWQiOjYwMDAwMDAwMDAwLCJ1cGRhdGUiOjYwMDAwMDAwMDAwfX0=",
          "dependencies": [
            "module.iam.yandex_iam_service_account.sa"
          ]
        },
        {
          "index_key": "load-balancer.editor",
          "schema_version": 0,
          "attributes": {
            "folder_id": "b1gcs058gd4fa8eeviec",
            "id": "b1gcs058gd4fa8eeviec/load-balancer.editor/serviceAccount:aje0vmvbkj634b89td20",
            "member": "serviceAccount:aje0vmvbkj634b89td20",
            "role": "load-balancer.editor",
            "sleep_after": null,
            "timeouts": null
          },
          "sensitive_attributes": [],
          "private": "eyJlMmJmYjczMC1lY2FhLTExZTYtOGY4OC0zNDM2M2JjN2M0YzAiOnsiY3JlYXRlIjo2MDAwMDAwMDAwMCwiZGVmYXVsdCI6NjAwMDAwMDAwMDAsImRlbGV0ZSI6NjAwMDAwMDAwMDAsInJlYWQiOjYwMDAwMDAwMDAwLCJ1cGRhdGUiOjYwMDAwMDAwMDAwfX0=",
          "dependencies": [
            "module.iam.yandex_iam_service_account.sa"
          ]
        },
        {
          "index_key": "mdb.dataproc.agent",
          "schema_version": 0,
          "attributes": {
            "folder_id": "b1gcs058gd4fa8eeviec",
            "id": "b1gcs058gd4fa8eeviec/mdb.dataproc.agent/serviceAccount:aje0vmvbkj634b89td20",
            "member": "serviceAccount:aje0vmvbkj634b89td20",
            "role": "mdb.dataproc.agent",
            "sleep_after": null,
            "timeouts": null
          },
          "sensitive_attributes": [],
          "private": "eyJlMmJmYjczMC1lY2FhLTExZTYtOGY4OC0zNDM2M2JjN2M0YzAiOnsiY3JlYXRlIjo2MDAwMDAwMDAwMCwiZGVmYXVsdCI6NjAwMDAwMDAwMDAsImRlbGV0ZSI6NjAwMDAwMDAwMDAsInJlYWQiOjYwMDAwMDAwMDAwLCJ1cGRhdGUiOjYwMDAwMDAwMDAwfX0=",
          "dependencies": [
            "module.iam.yandex_iam_service_account.sa"
          ]
        },
        {
          "index_key": "storage.admin",
          "schema_version": 0,
          "attributes": {
            "folder_id": "b1gcs058gd4fa8eeviec",
            "id": "b1gcs058gd4fa8eeviec/storage.admin/serviceAccount:aje0vmvbkj634b89td20",
            "member": "serviceAccount:aje0vmvbkj634b89td20",
            "role": "storage.admin",
            "sleep_after": null,
            "timeouts": null
          },
          "sensitive_attributes": [],
          "private": "eyJlMmJmYjczMC1lY2FhLTExZTYtOGY4OC0zNDM2M2JjN2M0YzAiOnsiY3JlYXRlIjo2MDAwMDAwMDAwMCwiZGVmYXVsdCI6NjAwMDAwMDAwMDAsImRlbGV0ZSI6NjAwMDAwMDAwMDAsInJlYWQiOjYwMDAwMDAwMDAwLCJ1cGRhdGUiOjYwMDAwMDAwMDAwfX0=",
          "dependencies": [
            "module.iam.yandex_iam_service_account.sa"
          ]
        },
        {
          "index_key": "storage.editor",
          "schema_version": 0,
          "attributes": {
            "folder_id": "b1gcs058gd4fa8eeviec",
            "id": "b1gcs058gd4fa8eeviec/storage.editor/serviceAccount:aje0vmvbkj634b89td20",
            "member": "serviceAccount:aje0vmvbkj634b89td20",
            "role": "storage.editor",
            "sleep_after": null,
            "timeouts": null
          },
          "sensitive_attributes": [],
          "private": "eyJlMmJmYjczMC1lY2FhLTExZTYtOGY4OC0zNDM2M2JjN2M0YzAiOnsiY3JlYXRlIjo2MDAwMDAwMDAwMCwiZGVmYXVsdCI6NjAwMDAwMDAwMDAsImRlbGV0ZSI6NjAwMDAwMDAwMDAsInJlYWQiOjYwMDAwMDAwMDAwLCJ1cGRhdGUiOjYwMDAwMDAwMDAwfX0=",
          "dependencies": [
            "module.iam.yandex_iam_service_account.sa"
          ]
        },
        {
          "index_key": "storage.uploader",
          "schema_version": 0,
          "attributes": {
            "folder_id": "b1gcs058gd4fa8eeviec",
            "id": "b1gcs058gd4fa8eeviec/storage.uploader/serviceAccount:aje0vmvbkj634b89td20",
            "member": "serviceAccount:aje0vmvbkj634b89td20",
            "role": "storage.uploader",
            "sleep_after": null,
            "timeouts": null
          },
          "sensitive_attributes": [],
          "private": "eyJlMmJmYjczMC1lY2FhLTExZTYtOGY4OC0zNDM2M2JjN2M0YzAiOnsiY3JlYXRlIjo2MDAwMDAwMDAwMCwiZGVmYXVsdCI6NjAwMDAwMDAwMDAsImRlbGV0ZSI6NjAwMDAwMDAwMDAsInJlYWQiOjYwMDAwMDAwMDAwLCJ1cGRhdGUiOjYwMDAwMDAwMDAwfX0=",
          "dependencies": [
            "module.iam.yandex_iam_service_account.sa"
          ]
        },
        {
          "index_key": "storage.viewer",
          "schema_version": 0,
          "attributes": {
            "folder_id": "b1gcs058gd4fa8eeviec",
            "id": "b1gcs058gd4fa8eeviec/storage.viewer/serviceAccount:aje0vmvbkj634b89td20",
            "member": "serviceAccount:aje0vmvbkj634b89td20",
            "role": "storage.viewer",
            "sleep_after": null,
            "timeouts": null
          },
          "sensitive_attributes": [],
          "private": "eyJlMmJmYjczMC1lY2FhLTExZTYtOGY4OC0zNDM2M2JjN2M0YzAiOnsiY3JlYXRlIjo2MDAwMDAwMDAwMCwiZGVmYXVsdCI6NjAwMDAwMDAwMDAsImRlbGV0ZSI6NjAwMDAwMDAwMDAsInJlYWQiOjYwMDAwMDAwMDAwLCJ1cGRhdGUiOjYwMDAwMDAwMDAwfX0=",
          "dependencies": [
            "module.iam.yandex_iam_service_account.sa"
          ]
        },
        {
          "index_key": "vpc.publicAdmin",
          "schema_version": 0,
          "attributes": {
            "folder_id": "b1gcs058gd4fa8eeviec",
            "id": "b1gcs058gd4fa8eeviec/vpc.publicAdmin/serviceAccount:aje0vmvbkj634b89td20",
            "member": "serviceAccount:aje0vmvbkj634b89td20",
            "role": "vpc.publicAdmin",
            "sleep_after": null,
            "timeouts": null
          },
          "sensitive_attributes": [],
          "private": "eyJlMmJmYjczMC1lY2FhLTExZTYtOGY4OC0zNDM2M2JjN2M0YzAiOnsiY3JlYXRlIjo2MDAwMDAwMDAwMCwiZGVmYXVsdCI6NjAwMDAwMDAwMDAsImRlbGV0ZSI6NjAwMDAwMDAwMDAsInJlYWQiOjYwMDAwMDAwMDAwLCJ1cGRhdGUiOjYwMDAwMDAwMDAwfX0=",
          "dependencies": [
            "module.iam.yandex_iam_service_account.sa"
          ]
        },
        {
          "index_key": "vpc.user",
          "schema_version": 0,
          "attributes": {
            "folder_id": "b1gcs058gd4fa8eeviec",
            "id": "b1gcs058gd4fa8eeviec/vpc.user/serviceAccount:aje0vmvbkj634b89td20",
            "member": "serviceAccount:aje0vmvbkj634b89td20",
            "role": "vpc.user",
            "sleep_after": null,
            "timeouts": null
          },
          "sensitive_attributes": [],
          "private": "eyJlMmJmYjczMC1lY2FhLTExZTYtOGY4OC0zNDM2M2JjN2M0YzAiOnsiY3JlYXRlIjo2MDAwMDAwMDAwMCwiZGVmYXVsdCI6NjAwMDAwMDAwMDAsImRlbGV0ZSI6NjAwMDAwMDAwMDAsInJlYWQiOjYwMDAwMDAwMDAwLCJ1cGRhdGUiOjYwMDAwMDAwMDAwfX0=",
          "dependencies": [
            "module.iam.yandex_iam_service_account.sa"
          ]
        }
      ]
    },
    {
      "module": "module.network",
      "mode": "managed",
      "type": "yandex_vpc_gateway",
      "name": "nat_gateway",
      "provider": "module.network.provider[\"registry.terraform.io/yandex-cloud/yandex\"]",
      "instances": [
        {
          "schema_version": 0,
          "attributes": {
            "created_at": "2025-03-13T17:13:52Z",
            "description": "",
            "folder_id": "b1gcs058gd4fa8eeviec",
            "id": "enpkq1ec2enqget3p429",
            "labels": {},
            "name": "otus-nat-gateway",
            "shared_egress_gateway": [
              {}
            ],
            "timeouts": null
          },
          "sensitive_attributes": [],
          "private": "eyJlMmJmYjczMC1lY2FhLTExZTYtOGY4OC0zNDM2M2JjN2M0YzAiOnsiY3JlYXRlIjo2MDAwMDAwMDAwMCwiZGVsZXRlIjo2MDAwMDAwMDAwMCwidXBkYXRlIjo2MDAwMDAwMDAwMH19"
        }
      ]
    },
    {
      "module": "module.network",
      "mode": "managed",
      "type": "yandex_vpc_network",
      "name": "network",
      "provider": "module.network.provider[\"registry.terraform.io/yandex-cloud/yandex\"]",
      "instances": [
        {
          "schema_version": 0,
          "attributes": {
            "created_at": "2025-03-13T17:13:52Z",
            "default_security_group_id": "enphk6medb6m3o0uoa45",
            "description": "",
            "folder_id": "b1gcs058gd4fa8eeviec",
            "id": "enp9npp6nu2vskbuu9eb",
            "labels": {},
            "name": "docker-network",
            "subnet_ids": [],
            "timeouts": null
          },
          "sensitive_attributes": [],
          "private": "eyJlMmJmYjczMC1lY2FhLTExZTYtOGY4OC0zNDM2M2JjN2M0YzAiOnsiY3JlYXRlIjo2MDAwMDAwMDAwMCwiZGVsZXRlIjo2MDAwMDAwMDAwMCwidXBkYXRlIjo2MDAwMDAwMDAwMH19"
        }
      ]
    },
    {
      "module": "module.network",
      "mode": "managed",
      "type": "yandex_vpc_route_table",
      "name": "route_table",
      "provider": "module.network.provider[\"registry.terraform.io/yandex-cloud/yandex\"]",
      "instances": [
        {
          "schema_version": 0,
          "attributes": {
            "created_at": "2025-03-13T17:14:16Z",
            "description": "",
            "folder_id": "b1gcs058gd4fa8eeviec",
            "id": "enpagmmuqtm2gtfj5oql",
            "labels": {},
            "name": "otus-route-table",
            "network_id": "enp9npp6nu2vskbuu9eb",
            "static_route": [
              {
                "destination_prefix": "0.0.0.0/0",
                "gateway_id": "enpkq1ec2enqget3p429",
                "next_hop_address": ""
              }
            ],
            "timeouts": null
          },
          "sensitive_attributes": [],
          "private": "eyJlMmJmYjczMC1lY2FhLTExZTYtOGY4OC0zNDM2M2JjN2M0YzAiOnsiY3JlYXRlIjoxODAwMDAwMDAwMDAsImRlbGV0ZSI6MTgwMDAwMDAwMDAwLCJ1cGRhdGUiOjE4MDAwMDAwMDAwMH19",
          "dependencies": [
            "module.network.yandex_vpc_gateway.nat_gateway",
            "module.network.yandex_vpc_network.network"
          ]
        }
      ]
    },
    {
      "module": "module.network",
      "mode": "managed",
      "type": "yandex_vpc_security_group",
      "name": "security_group",
      "provider": "module.network.provider[\"registry.terraform.io/yandex-cloud/yandex\"]",
      "instances": [
        {
          "schema_version": 0,
          "attributes": {
            "created_at": "2025-03-13T17:14:16Z",
            "description": "Security group for Dataproc cluster",
            "egress": [
              {
                "description": "Allow all outgoing traffic",
                "from_port": -1,
                "id": "enpis939ugf9alf86306",
                "labels": {},
                "port": -1,
                "predefined_target": "",
                "protocol": "ANY",
                "security_group_id": "",
                "to_port": -1,
                "v4_cidr_blocks": [
                  "0.0.0.0/0"
                ],
                "v6_cidr_blocks": []
              },
              {
                "description": "Allow all outgoing traffic",
                "from_port": 0,
                "id": "enpj1680uvo9eaqjdahn",
                "labels": {},
                "port": -1,
                "predefined_target": "",
                "protocol": "ANY",
                "security_group_id": "",
                "to_port": 65535,
                "v4_cidr_blocks": [
                  "0.0.0.0/0"
                ],
                "v6_cidr_blocks": []
              },
              {
                "description": "Internal",
                "from_port": 0,
                "id": "enp5rjpe5p5q7gmdrhuf",
                "labels": {},
                "port": -1,
                "predefined_target": "self_security_group",
                "protocol": "ANY",
                "security_group_id": "",
                "to_port": 65535,
                "v4_cidr_blocks": [],
                "v6_cidr_blocks": []
              }
            ],
            "folder_id": "b1gcs058gd4fa8eeviec",
            "id": "enpp93tq24a5pug05rit",
            "ingress": [
              {
                "description": "Allow all incoming traffic",
                "from_port": -1,
                "id": "enpbp7bjvff4afpgaf67",
                "labels": {},
                "port": -1,
                "predefined_target": "",
                "protocol": "ANY",
                "security_group_id": "",
                "to_port": -1,
                "v4_cidr_blocks": [
                  "0.0.0.0/0"
                ],
                "v6_cidr_blocks": []
              },
              {
                "description": "Jupyter",
                "from_port": -1,
                "id": "enpdm2m7b9i9p2lvk5g1",
                "labels": {},
                "port": 8888,
                "predefined_target": "",
                "protocol": "TCP",
                "security_group_id": "",
                "to_port": -1,
                "v4_cidr_blocks": [
                  "0.0.0.0/0"
                ],
                "v6_cidr_blocks": []
              },
              {
                "description": "SSH",
                "from_port": -1,
                "id": "enpi2efmnm7msbh845kk",
                "labels": {},
                "port": 22,
                "predefined_target": "",
                "protocol": "TCP",
                "security_group_id": "",
                "to_port": -1,
                "v4_cidr_blocks": [
                  "0.0.0.0/0"
                ],
                "v6_cidr_blocks": []
              },
              {
                "description": "UI",
                "from_port": -1,
                "id": "enplcuc4v3qusjj319qp",
                "labels": {},
                "port": 443,
                "predefined_target": "",
                "protocol": "TCP",
                "security_group_id": "",
                "to_port": -1,
                "v4_cidr_blocks": [
                  "0.0.0.0/0"
                ],
                "v6_cidr_blocks": []
              }
            ],
            "labels": {},
            "name": "otus-security-group",
            "network_id": "enp9npp6nu2vskbuu9eb",
            "status": "ACTIVE",
            "timeouts": null
          },
          "sensitive_attributes": [],
          "private": "eyJlMmJmYjczMC1lY2FhLTExZTYtOGY4OC0zNDM2M2JjN2M0YzAiOnsiY3JlYXRlIjoxODAwMDAwMDAwMDAsImRlbGV0ZSI6MTgwMDAwMDAwMDAwLCJ1cGRhdGUiOjE4MDAwMDAwMDAwMH19",
          "dependencies": [
            "module.network.yandex_vpc_network.network"
          ]
        }
      ]
    },
    {
      "module": "module.network",
      "mode": "managed",
      "type": "yandex_vpc_subnet",
      "name": "subnet",
      "provider": "module.network.provider[\"registry.terraform.io/yandex-cloud/yandex\"]",
      "instances": [
        {
          "schema_version": 0,
          "attributes": {
            "created_at": "2025-03-13T17:14:17Z",
            "description": "",
            "dhcp_options": [],
            "folder_id": "b1gcs058gd4fa8eeviec",
            "id": "e9b2jnt9jr2guj2oh61v",
            "labels": {},
            "name": "docker-subnet",
            "network_id": "enp9npp6nu2vskbuu9eb",
            "route_table_id": "enpagmmuqtm2gtfj5oql",
            "timeouts": null,
            "v4_cidr_blocks": [
              "10.0.0.0/24"
            ],
            "v6_cidr_blocks": [],
            "zone": "ru-central1-a"
          },
          "sensitive_attributes": [],
          "private": "eyJlMmJmYjczMC1lY2FhLTExZTYtOGY4OC0zNDM2M2JjN2M0YzAiOnsiY3JlYXRlIjoxODAwMDAwMDAwMDAsImRlbGV0ZSI6MTgwMDAwMDAwMDAwLCJ1cGRhdGUiOjE4MDAwMDAwMDAwMH19",
          "dependencies": [
            "module.network.yandex_vpc_gateway.nat_gateway",
            "module.network.yandex_vpc_network.network",
            "module.network.yandex_vpc_route_table.route_table"
          ]
        }
      ]
    }
  ],
  "check_results": null
}
